
Microsoft Visual Studio Solution File, Format Version 12.00
# Visual Studio 15
VisualStudioVersion = 15.0.28307.421
MinimumVisualStudioVersion = 10.0.40219.1
Project("{9A19103F-16F7-4668-BE54-9A1E7A4F7556}") = "ICS.DAL", "ICS.DAL\ICS.DAL.csproj", "{6CB4F7F4-B0B2-4210-9B79-ADB1ACB42B1A}"
EndProject
Project("{9A19103F-16F7-4668-BE54-9A1E7A4F7556}") = "ICS.DAL.Tests", "ICS.DAL.Tests\ICS.DAL.Tests.csproj", "{BF55D476-8355-4001-828E-D4063251FE21}"
EndProject
Project("{9A19103F-16F7-4668-BE54-9A1E7A4F7556}") = "ICS.BL", "ICS.BL\ICS.BL.csproj", "{BA7DB234-DF80-4B7C-98D5-6056568AF12B}"
EndProject
Project("{9A19103F-16F7-4668-BE54-9A1E7A4F7556}") = "ICS.BL.Tests", "ICS.BL.Tests\ICS.BL.Tests.csproj", "{FA4DDC85-23AD-47E2-9326-D7D060BC0116}"
EndProject
Project("{FAE04EC0-301F-11D3-BF4B-00C04F79EFBC}") = "ICS.App", "ICS.App\ICS.App.csproj", "{F7F7DC10-6D6D-448D-B71E-D18D7F63769E}"
EndProject
Global
	GlobalSection(SolutionConfigurationPlatforms) = preSolution
		Debug|Any CPU = Debug|Any CPU
		Release|Any CPU = Release|Any CPU
	EndGlobalSection
	GlobalSection(ProjectConfigurationPlatforms) = postSolution
		{6CB4F7F4-B0B2-4210-9B79-ADB1ACB42B1A}.Debug|Any CPU.ActiveCfg = Debug|Any CPU
		{6CB4F7F4-B0B2-4210-9B79-ADB1ACB42B1A}.Debug|Any CPU.Build.0 = Debug|Any CPU
		{6CB4F7F4-B0B2-4210-9B79-ADB1ACB42B1A}.Release|Any CPU.ActiveCfg = Release|Any CPU
		{6CB4F7F4-B0B2-4210-9B79-ADB1ACB42B1A}.Release|Any CPU.Build.0 = Release|Any CPU
		{BF55D476-8355-4001-828E-D4063251FE21}.Debug|Any CPU.ActiveCfg = Debug|Any CPU
		{BF55D476-8355-4001-828E-D4063251FE21}.Debug|Any CPU.Build.0 = Debug|Any CPU
		{BF55D476-8355-4001-828E-D4063251FE21}.Release|Any CPU.ActiveCfg = Release|Any CPU
		{BF55D476-8355-4001-828E-D4063251FE21}.Release|Any CPU.Build.0 = Release|Any CPU
		{BA7DB234-DF80-4B7C-98D5-6056568AF12B}.Debug|Any CPU.ActiveCfg = Debug|Any CPU
		{BA7DB234-DF80-4B7C-98D5-6056568AF12B}.Debug|Any CPU.Build.0 = Debug|Any CPU
		{BA7DB234-DF80-4B7C-98D5-6056568AF12B}.Release|Any CPU.ActiveCfg = Release|Any CPU
		{BA7DB234-DF80-4B7C-98D5-6056568AF12B}.Release|Any CPU.Build.0 = Release|Any CPU
		{FA4DDC85-23AD-47E2-9326-D7D060BC0116}.Debug|Any CPU.ActiveCfg = Debug|Any CPU
		{FA4DDC85-23AD-47E2-9326-D7D060BC0116}.Debug|Any CPU.Build.0 = Debug|Any CPU
		{FA4DDC85-23AD-47E2-9326-D7D060BC0116}.Release|Any CPU.ActiveCfg = Release|Any CPU
		{FA4DDC85-23AD-47E2-9326-D7D060BC0116}.Release|Any CPU.Build.0 = Release|Any CPU
		{F7F7DC10-6D6D-448D-B71E-D18D7F63769E}.Debug|Any CPU.ActiveCfg = Debug|Any CPU
		{F7F7DC10-6D6D-448D-B71E-D18D7F63769E}.Debug|Any CPU.Build.0 = Debug|Any CPU
		{F7F7DC10-6D6D-448D-B71E-D18D7F63769E}.Release|Any CPU.ActiveCfg = Release|Any CPU
		{F7F7DC10-6D6D-448D-B71E-D18D7F63769E}.Release|Any CPU.Build.0 = Release|Any CPU
	EndGlobalSection
	GlobalSection(SolutionProperties) = preSolution
		HideSolutionNode = FALSE
	EndGlobalSection
	GlobalSection(ExtensibilityGlobals) = postSolution
		SolutionGuid = {B73DEED5-0AC9-4971-A6B2-6C1F00126ECF}
	EndGlobalSection
EndGlobal
