
Microsoft Visual Studio Solution File, Format Version 12.00
# Visual Studio Version 16
VisualStudioVersion = 16.0.29424.173
MinimumVisualStudioVersion = 10.0.40219.1
Project("{FAE04EC0-301F-11D3-BF4B-00C04F79EFBC}") = "ITUmain", "ITUmain\ITUmain.csproj", "{5FE0CCAD-5A64-4C50-BBCD-5F25DD345C37}"
EndProject
Global
	GlobalSection(SolutionConfigurationPlatforms) = preSolution
		Debug|Any CPU = Debug|Any CPU
		Release|Any CPU = Release|Any CPU
	EndGlobalSection
	GlobalSection(ProjectConfigurationPlatforms) = postSolution
		{5FE0CCAD-5A64-4C50-BBCD-5F25DD345C37}.Debug|Any CPU.ActiveCfg = Debug|Any CPU
		{5FE0CCAD-5A64-4C50-BBCD-5F25DD345C37}.Debug|Any CPU.Build.0 = Debug|Any CPU
		{5FE0CCAD-5A64-4C50-BBCD-5F25DD345C37}.Release|Any CPU.ActiveCfg = Release|Any CPU
		{5FE0CCAD-5A64-4C50-BBCD-5F25DD345C37}.Release|Any CPU.Build.0 = Release|Any CPU
	EndGlobalSection
	GlobalSection(SolutionProperties) = preSolution
		HideSolutionNode = FALSE
	EndGlobalSection
	GlobalSection(ExtensibilityGlobals) = postSolution
		SolutionGuid = {D59C0A3B-8270-4570-B25B-A03973F0D925}
	EndGlobalSection
EndGlobal
